
Microsoft Visual Studio Solution File, Format Version 12.00
# Visual Studio Version 17
VisualStudioVersion = 17.5.33627.172
MinimumVisualStudioVersion = 10.0.40219.1
Project("{FAE04EC0-301F-11D3-BF4B-00C04F79EFBC}") = "ListaDeExercicios6", "ListaDeExercicios6\ListaDeExercicios6.csproj", "{CC19CBE9-AC6B-4ABD-A99C-09136538EF6D}"
EndProject
Global
	GlobalSection(SolutionConfigurationPlatforms) = preSolution
		Debug|Any CPU = Debug|Any CPU
		Release|Any CPU = Release|Any CPU
	EndGlobalSection
	GlobalSection(ProjectConfigurationPlatforms) = postSolution
		{CC19CBE9-AC6B-4ABD-A99C-09136538EF6D}.Debug|Any CPU.ActiveCfg = Debug|Any CPU
		{CC19CBE9-AC6B-4ABD-A99C-09136538EF6D}.Debug|Any CPU.Build.0 = Debug|Any CPU
		{CC19CBE9-AC6B-4ABD-A99C-09136538EF6D}.Release|Any CPU.ActiveCfg = Release|Any CPU
		{CC19CBE9-AC6B-4ABD-A99C-09136538EF6D}.Release|Any CPU.Build.0 = Release|Any CPU
	EndGlobalSection
	GlobalSection(SolutionProperties) = preSolution
		HideSolutionNode = FALSE
	EndGlobalSection
	GlobalSection(ExtensibilityGlobals) = postSolution
		SolutionGuid = {EF7295EB-BC62-4444-ACE1-3B568A1A6C72}
	EndGlobalSection
EndGlobal
